{
    "_meta": {
        "hash": {
            "sha256": "c14942010ed22a5ff73aee85250486b6511bc2e701de6138d54632e0a4d13552"
        },
        "pipfile-spec": 6,
        "requires": {
            "python_version": "3.10"
        },
        "sources": [
            {
                "name": "pypi",
                "url": "https://pypi.org/simple",
                "verify_ssl": true
            }
        ]
    },
    "default": {
        "altgraph": {
            "hashes": [
                "sha256:ad33358114df7c9416cdb8fa1eaa5852166c505118717021c6a8c7c7abbd03dd",
                "sha256:c8ac1ca6772207179ed8003ce7687757c04b0b71536f81e2ac5755c6226458fe"
            ],
            "version": "==0.17.3"
        },
        "pefile": {
            "hashes": [
                "sha256:82e6114004b3d6911c77c3953e3838654b04511b8b66e8583db70c65998017dc",
                "sha256:da185cd2af68c08a6cd4481f7325ed600a88f6a813bad9dea07ab3ef73d8d8d6"
            ],
            "markers": "sys_platform == 'win32'",
            "version": "==2023.2.7"
        },
        "pillow": {
            "hashes": [
                "sha256:00e65f5e822decd501e374b0650146063fbb30a7264b4d2744bdd7b913e0cab5",
                "sha256:040586f7d37b34547153fa383f7f9aed68b738992380ac911447bb78f2abe530",
                "sha256:0b6eb5502f45a60a3f411c63187db83a3d3107887ad0d036c13ce836f8a36f1d",
                "sha256:1ce91b6ec08d866b14413d3f0bbdea7e24dfdc8e59f562bb77bc3fe60b6144ca",
                "sha256:1f62406a884ae75fb2f818694469519fb685cc7eaff05d3451a9ebe55c646891",
                "sha256:22c10cc517668d44b211717fd9775799ccec4124b9a7f7b3635fc5386e584992",
                "sha256:3400aae60685b06bb96f99a21e1ada7bc7a413d5f49bce739828ecd9391bb8f7",
                "sha256:349930d6e9c685c089284b013478d6f76e3a534e36ddfa912cde493f235372f3",
                "sha256:368ab3dfb5f49e312231b6f27b8820c823652b7cd29cfbd34090565a015e99ba",
                "sha256:38250a349b6b390ee6047a62c086d3817ac69022c127f8a5dc058c31ccef17f3",
                "sha256:3a684105f7c32488f7153905a4e3015a3b6c7182e106fe3c37fbb5ef3e6994c3",
                "sha256:3a82c40d706d9aa9734289740ce26460a11aeec2d9c79b7af87bb35f0073c12f",
                "sha256:3b08d4cc24f471b2c8ca24ec060abf4bebc6b144cb89cba638c720546b1cf538",
                "sha256:3ed64f9ca2f0a95411e88a4efbd7a29e5ce2cea36072c53dd9d26d9c76f753b3",
                "sha256:3f07ea8d2f827d7d2a49ecf1639ec02d75ffd1b88dcc5b3a61bbb37a8759ad8d",
                "sha256:520f2a520dc040512699f20fa1c363eed506e94248d71f85412b625026f6142c",
                "sha256:5c6e3df6bdd396749bafd45314871b3d0af81ff935b2d188385e970052091017",
                "sha256:608bfdee0d57cf297d32bcbb3c728dc1da0907519d1784962c5f0c68bb93e5a3",
                "sha256:685ac03cc4ed5ebc15ad5c23bc555d68a87777586d970c2c3e216619a5476223",
                "sha256:76de421f9c326da8f43d690110f0e79fe3ad1e54be811545d7d91898b4c8493e",
                "sha256:76edb0a1fa2b4745fb0c99fb9fb98f8b180a1bbceb8be49b087e0b21867e77d3",
                "sha256:7be600823e4c8631b74e4a0d38384c73f680e6105a7d3c6824fcf226c178c7e6",
                "sha256:81ff539a12457809666fef6624684c008e00ff6bf455b4b89fd00a140eecd640",
                "sha256:88af2003543cc40c80f6fca01411892ec52b11021b3dc22ec3bc9d5afd1c5334",
                "sha256:8c11160913e3dd06c8ffdb5f233a4f254cb449f4dfc0f8f4549eda9e542c93d1",
                "sha256:8f8182b523b2289f7c415f589118228d30ac8c355baa2f3194ced084dac2dbba",
                "sha256:9211e7ad69d7c9401cfc0e23d49b69ca65ddd898976d660a2fa5904e3d7a9baa",
                "sha256:92be919bbc9f7d09f7ae343c38f5bb21c973d2576c1d45600fce4b74bafa7ac0",
                "sha256:9c82b5b3e043c7af0d95792d0d20ccf68f61a1fec6b3530e718b688422727396",
                "sha256:9f7c16705f44e0504a3a2a14197c1f0b32a95731d251777dcb060aa83022cb2d",
                "sha256:9fb218c8a12e51d7ead2a7c9e101a04982237d4855716af2e9499306728fb485",
                "sha256:a74ba0c356aaa3bb8e3eb79606a87669e7ec6444be352870623025d75a14a2bf",
                "sha256:b4f69b3700201b80bb82c3a97d5e9254084f6dd5fb5b16fc1a7b974260f89f43",
                "sha256:bc2ec7c7b5d66b8ec9ce9f720dbb5fa4bace0f545acd34870eff4a369b44bf37",
                "sha256:c189af0545965fa8d3b9613cfdb0cd37f9d71349e0f7750e1fd704648d475ed2",
                "sha256:c1fbe7621c167ecaa38ad29643d77a9ce7311583761abf7836e1510c580bf3dd",
                "sha256:c7cf14a27b0d6adfaebb3ae4153f1e516df54e47e42dcc073d7b3d76111a8d86",
                "sha256:c9f72a021fbb792ce98306ffb0c348b3c9cb967dce0f12a49aa4c3d3fdefa967",
                "sha256:cd25d2a9d2b36fcb318882481367956d2cf91329f6892fe5d385c346c0649629",
                "sha256:ce543ed15570eedbb85df19b0a1a7314a9c8141a36ce089c0a894adbfccb4568",
                "sha256:ce7b031a6fc11365970e6a5686d7ba8c63e4c1cf1ea143811acbb524295eabed",
                "sha256:d35e3c8d9b1268cbf5d3670285feb3528f6680420eafe35cccc686b73c1e330f",
                "sha256:d50b6aec14bc737742ca96e85d6d0a5f9bfbded018264b3b70ff9d8c33485551",
                "sha256:d5d0dae4cfd56969d23d94dc8e89fb6a217be461c69090768227beb8ed28c0a3",
                "sha256:d5db32e2a6ccbb3d34d87c87b432959e0db29755727afb37290e10f6e8e62614",
                "sha256:d72e2ecc68a942e8cf9739619b7f408cc7b272b279b56b2c83c6123fcfa5cdff",
                "sha256:d737a602fbd82afd892ca746392401b634e278cb65d55c4b7a8f48e9ef8d008d",
                "sha256:d80cf684b541685fccdd84c485b31ce73fc5c9b5d7523bf1394ce134a60c6883",
                "sha256:db24668940f82321e746773a4bc617bfac06ec831e5c88b643f91f122a785684",
                "sha256:dbc02381779d412145331789b40cc7b11fdf449e5d94f6bc0b080db0a56ea3f0",
                "sha256:dffe31a7f47b603318c609f378ebcd57f1554a3a6a8effbc59c3c69f804296de",
                "sha256:edf4392b77bdc81f36e92d3a07a5cd072f90253197f4a52a55a8cec48a12483b",
                "sha256:efe8c0681042536e0d06c11f48cebe759707c9e9abf880ee213541c5b46c5bf3",
                "sha256:f31f9fdbfecb042d046f9d91270a0ba28368a723302786c0009ee9b9f1f60199",
                "sha256:f88a0b92277de8e3ca715a0d79d68dc82807457dae3ab8699c758f07c20b3c51",
                "sha256:faaf07ea35355b01a35cb442dd950d8f1bb5b040a7787791a535de13db15ed90"
            ],
            "index": "pypi",
            "version": "==10.0.0"
        },
        "pillow-heif": {
            "hashes": [
                "sha256:008dd235a41aa2f8c90a1be2f0d63428bb9ad2082e2056b8c8b054cfbdb4ebe1",
                "sha256:02cbb56608bcb28099e7265b4e7e436ecb8b66d8bd2672a4f4b426993f42979f",
                "sha256:06c508a518dc055bb2bf82119a3469e9ee272b134a3733088c4c86f2a76e8308",
                "sha256:0a4421945374f51e80567927a72dc150e4324d8c09ea093056dc6a26e2acbb78",
                "sha256:0c18ee4506be7ae230e6ba02df33d10f747354e4f7ff64ba4b3c0aaa223c244f",
                "sha256:1c9cf2eae967f9f60dbe8efe7de6fe01e030926d8d947daf038f5e5883cadd7e",
                "sha256:1ce463d38b3f98dcbdacfcb916a5c69e108cb81e32d8cc0c2b96c1d04fd11cc9",
                "sha256:2540a6c7a50202878c7dfe226d360ac617b2d950d70afe5941ef49863b95cf7f",
                "sha256:273882e666cbcd3e3cb279a07f283a5b07fb97a6b934969412f872a8b4c9f803",
                "sha256:2cf850f4b19ec83c98c022a02b31a3d0849aceeb85573c050e44e0a64762c866",
                "sha256:2ee06566b612bd8583b73e12cf37d3ecdd5f05d8349bdaad2d7aff857b8a0ad4",
                "sha256:33f899ee15e49ff4b44f0d4593d42290a0c4813d989e62fc39c744aeb7ac0806",
                "sha256:359b574f2ba3e0fb2e406dfeac991681c9ae3f4b51af5d40411e75c3488d2de8",
                "sha256:377dab3183ade768f2c06c8344de4992c0c51e06815545c7e048fe5bf5c081cd",
                "sha256:3c4afdd457238b6730a6c05d6dffb43000e268f7c9b4f1b4dc218b6d8183babe",
                "sha256:4a6cba6774d88eab302a84e4fbbe29b5978b1f69aea067173b3c4df94c25685e",
                "sha256:4d5c783edaa1098bd0affd90477501399ca6283439772e0e4f8d4c40e9701866",
                "sha256:55287aa68af435a1f9f21267b65f703a718f728628158cfcd43643f2131cb3f9",
                "sha256:63179bd6f06b2f4ad19d96502c03c09a6b8ba32ac491cffaf37838caaacc1026",
                "sha256:643cad8849f9891b6565ab4899bc0948ebdbaf971af6a0f08262ae3ef468aadc",
                "sha256:66cf68f6f245a82b0d1298a0835bc2f42813c8ac88f220518d901fb87e30db51",
                "sha256:68df199391206d29f05577a9ab174d5b1049f4f2ea41488fda29af71d6f5e942",
                "sha256:69cddda5bfc1e4d49a9822330384cd9349602d23ee63650143f6f365d043c837",
                "sha256:6d83042fcb8117059e843ed3e5c46e83c35482c0ca99cf45693714c5e68bea77",
                "sha256:70b0662c7acb4672e3c6d173c46f3dad198b5cebcbb6efc97a5994c137fabba0",
                "sha256:8c25ecda62afe2e39b7d4eccad5f431f844b3522fbc63293c66294b576aeae4f",
                "sha256:8fe903f453b3159ac82d2def79e5bf6742c71bc0052c68a61d67ef16df741e10",
                "sha256:9213694a42ff6c612c2a52a309a7c559cb96cbddbccecdd5239db56ca00fe151",
                "sha256:9a9bcce672a9e9cd719af4426159b9132e393115660c04eb2fe248fd2f5537c2",
                "sha256:a1c441c2b07b61cefb417fca1c357529d756c2bb0aa20e484e4fb7db83d2229e",
                "sha256:a1f918e2626f53c9ab9712fc1c21ebd22a132888070c92b04008750215ef31b7",
                "sha256:a9d8a4b268fd8f8f3e45725fa57d2be4b4126ff136b8dde554814289fa36c9dd",
                "sha256:aae132bf0afa9a683c4620acb72a811e4352b574344c85f61e1c76f34db1fd6c",
                "sha256:abab000574485cfe2e7946b0916d271c84ca2bdcc02f35af9ef817b93a285800",
                "sha256:ad6479b294804a2ba7eee3fd1da3a265c405132eb2308bf8c8f8f9f4e5ea6ee3",
                "sha256:b02452d378f292f483a642bb93cb71cada23f795f7143343717f720cbe4ec968",
                "sha256:b210232d83480e4bef5871c9921d0ce598f8c989eeb74b3c6b94700ab97b75fc",
                "sha256:b4cc6a53a0dde4d2ec9b4cabc8b84aff3cb930d8e6d7a146897a93024ab3f3a3",
                "sha256:ba8e9d806b84084be3778701ebb548189148a9f6ad875ffcb58b72866d371f6b",
                "sha256:bbbc068510be308776c548fd4bc1e3e23a741a1103aff0a0669bd6d22eca3cb9",
                "sha256:be6d885611ac306db6fb406a3d8934fe7927392450a0155703ea2ee1b4242975",
                "sha256:cb0e7a81dff84d3291ef2c7ddd786a7046f5fa0f020dd333f521b5b5239db2fc",
                "sha256:d2a89f5287d85bd5f889c4935a9ea0e8e0195b7023217de871463f69f12eb1ed",
                "sha256:dd5d145359f411b937cff3f0be0b2ce9279c6e4db21937436beff0c11d08293c",
                "sha256:de869387404a844f9757512c773b3a5d7d39740133f10cf4eb3231207cfe974f",
                "sha256:e1e67f2b35b7c7b6bb1270bec34b74c85235ee6c0d7e1662b28040a1daba29d5",
                "sha256:e2ec6275181addad8f25b22839f68edac2ebae0683bf001322bccebcf4b31006",
                "sha256:ece0ee997979c76c13fee8f891557ffc14d16457de239c9d7232e77f54170e7f",
                "sha256:f39fac9bd26177f99f7b4e9d4052a7c2afe6e81cd3fd84b360c0660e1540bff2"
            ],
            "index": "pypi",
            "version": "==0.12.0"
        },
        "pyinstaller": {
            "hashes": [
                "sha256:0df43697c4914285ecd333be968d2cd042ab9b2670124879ee87931d2344eaf5",
                "sha256:1fde4381155f21d6354dc450dcaa338cd8a40aaacf6bd22b987b0f3e1f96f3ee",
                "sha256:24009eba63cfdbcde6d2634e9c87f545eb67249ddf3b514e0cd3b2cdaa595828",
                "sha256:28d9742c37e9fb518444b12f8c8ab3cb4ba212d752693c34475c08009aa21ccf",
                "sha256:2d03419904d1c25c8968b0ad21da0e0f33d8d65716e29481b5bd83f7f342b0c5",
                "sha256:3a331951f9744bc2379ea5d65d36f3c828eaefe2785f15039592cdc08560b262",
                "sha256:5e446df41255e815017d96318e39f65a3eb807e74a796c7e7ff7f13b6366a2e9",
                "sha256:78975043edeb628e23a73fb3ef0a273cda50e765f1716f75212ea3e91b09dede",
                "sha256:7fdd319828de679f9c5e381eff998ee9b4164bf4457e7fca56946701cf002c3f",
                "sha256:9fc27c5a853b14a90d39c252707673c7a0efec921cd817169aff3af0fca8c127",
                "sha256:cd7d5c06f2847195a23d72ede17c60857d6f495d6f0727dc6c9bc1235f2eb79c",
                "sha256:e5fb17de6c325d3b2b4ceaeb55130ad7100a79096490e4c5b890224406fa42f4"
            ],
            "index": "pypi",
            "version": "==5.13.0"
        },
        "pyinstaller-hooks-contrib": {
            "hashes": [
                "sha256:596a72009d8692b043e0acbf5e1b476d93149900142ba01845dded91a0770cb5",
                "sha256:aa6d7d038814df6aa7bec7bdbebc7cb4c693d3398df858f6062957f0797d397b"
            ],
            "markers": "python_version >= '3.7'",
            "version": "==2023.6"
        },
        "pywin32-ctypes": {
            "hashes": [
                "sha256:3426e063bdd5fd4df74a14fa3cf80a0b42845a87e1d1e81f6549f9daec593a60",
                "sha256:bf490a1a709baf35d688fe0ecf980ed4de11d2b3e37b51e5442587a75d9957e7"
            ],
            "markers": "sys_platform == 'win32'",
            "version": "==0.2.2"
        },
        "setuptools": {
            "hashes": [
                "sha256:11e52c67415a381d10d6b462ced9cfb97066179f0e871399e006c4ab101fc85f",
                "sha256:baf1fdb41c6da4cd2eae722e135500da913332ab3f2f5c7d33af9b492acb5235"
            ],
            "markers": "python_version >= '3.7'",
            "version": "==68.0.0"
        }
    },
    "develop": {
        "flake8": {
            "hashes": [
                "sha256:3833794e27ff64ea4e9cf5d410082a8b97ff1a06c16aa3d2027339cd0f1195c7",
                "sha256:c61007e76655af75e6785a931f452915b371dc48f56efd765247c8fe68f2b181"
            ],
            "index": "pypi",
            "version": "==6.0.0"
        },
        "importlib-metadata": {
            "hashes": [
                "sha256:3ebb78df84a805d7698245025b975d9d67053cd94c79245ba4b3eb694abe68bb",
                "sha256:dbace7892d8c0c4ac1ad096662232f831d4e64f4c4545bd53016a3e9d4654743"
            ],
            "markers": "python_version >= '3.8'",
            "version": "==6.8.0"
        },
        "mccabe": {
            "hashes": [
                "sha256:348e0240c33b60bbdf4e523192ef919f28cb2c3d7d5c7794f74009290f236325",
                "sha256:6c2d30ab6be0e4a46919781807b4f0d834ebdd6c6e3dca0bda5a15f863427b6e"
            ],
            "markers": "python_version >= '3.6'",
            "version": "==0.7.0"
        },
        "platformdirs": {
            "hashes": [
                "sha256:1b42b450ad933e981d56e59f1b97495428c9bd60698baab9f3eb3d00d5822421",
                "sha256:ad8291ae0ae5072f66c16945166cb11c63394c7a3ad1b1bc9828ca3162da8c2f"
            ],
            "markers": "python_version >= '3.7'",
            "version": "==3.9.1"
        },
        "pycodestyle": {
            "hashes": [
                "sha256:347187bdb476329d98f695c213d7295a846d1152ff4fe9bacb8a9590b8ee7053",
                "sha256:8a4eaf0d0495c7395bdab3589ac2db602797d76207242c17d470186815706610"
            ],
            "markers": "python_version >= '3.6'",
            "version": "==2.10.0"
        },
        "pyflakes": {
            "hashes": [
                "sha256:ec55bf7fe21fff7f1ad2f7da62363d749e2a470500eab1b555334b67aa1ef8cf",
                "sha256:ec8b276a6b60bd80defed25add7e439881c19e64850afd9b346283d4165fd0fd"
            ],
            "markers": "python_version >= '3.6'",
            "version": "==3.0.1"
        },
        "tomli": {
            "hashes": [
                "sha256:939de3e7a6161af0c887ef91b7d41a53e7c5a1ca976325f429cb46ea9bc30ecc",
                "sha256:de526c12914f0c550d15924c62d72abc48d6fe7364aa87328337a31007fe8a4f"
            ],
            "markers": "python_version >= '3.7'",
            "version": "==2.0.1"
        },
        "yapf": {
            "hashes": [
                "sha256:958587eb5c8ec6c860119a9c25d02addf30a44f75aa152a4220d30e56a98037c",
                "sha256:b8bfc1f280949153e795181768ca14ef43d7312629a06c43e7abd279323af313"
            ],
            "index": "pypi",
            "version": "==0.40.1"
        },
        "zipp": {
            "hashes": [
                "sha256:679e51dd4403591b2d6838a48de3d283f3d188412a9782faadf845f298736ba0",
                "sha256:ebc15946aa78bd63458992fc81ec3b6f7b1e92d51c35e6de1c3804e73b799147"
            ],
            "markers": "python_version >= '3.8'",
            "version": "==3.16.2"
        }
    }
}
